
Microsoft Visual Studio Solution File, Format Version 12.00
# Visual Studio Version 16
VisualStudioVersion = 16.0.29519.181
MinimumVisualStudioVersion = 10.0.40219.1
Project("{FAE04EC0-301F-11D3-BF4B-00C04F79EFBC}") = "TestWeb", "TestWeb\TestWeb.csproj", "{47E3BEFA-C626-4C32-AB8A-57F3833407F6}"
EndProject
Project("{FAE04EC0-301F-11D3-BF4B-00C04F79EFBC}") = "TestWeb.Tests", "TestWeb.Tests\TestWeb.Tests.csproj", "{2E4E7B88-8FA0-4DAE-8898-2CDB6C377CD2}"
EndProject
Global
	GlobalSection(SolutionConfigurationPlatforms) = preSolution
		Debug|Any CPU = Debug|Any CPU
		Release|Any CPU = Release|Any CPU
	EndGlobalSection
	GlobalSection(ProjectConfigurationPlatforms) = postSolution
		{47E3BEFA-C626-4C32-AB8A-57F3833407F6}.Debug|Any CPU.ActiveCfg = Debug|Any CPU
		{47E3BEFA-C626-4C32-AB8A-57F3833407F6}.Debug|Any CPU.Build.0 = Debug|Any CPU
		{47E3BEFA-C626-4C32-AB8A-57F3833407F6}.Release|Any CPU.ActiveCfg = Release|Any CPU
		{47E3BEFA-C626-4C32-AB8A-57F3833407F6}.Release|Any CPU.Build.0 = Release|Any CPU
		{2E4E7B88-8FA0-4DAE-8898-2CDB6C377CD2}.Debug|Any CPU.ActiveCfg = Debug|Any CPU
		{2E4E7B88-8FA0-4DAE-8898-2CDB6C377CD2}.Debug|Any CPU.Build.0 = Debug|Any CPU
		{2E4E7B88-8FA0-4DAE-8898-2CDB6C377CD2}.Release|Any CPU.ActiveCfg = Release|Any CPU
		{2E4E7B88-8FA0-4DAE-8898-2CDB6C377CD2}.Release|Any CPU.Build.0 = Release|Any CPU
	EndGlobalSection
	GlobalSection(SolutionProperties) = preSolution
		HideSolutionNode = FALSE
	EndGlobalSection
	GlobalSection(ExtensibilityGlobals) = postSolution
		SolutionGuid = {BCAE2AEF-93FD-42AB-9F44-530C09352833}
	EndGlobalSection
EndGlobal
